
Microsoft Visual Studio Solution File, Format Version 12.00
# Visual Studio 15
VisualStudioVersion = 15.0.27004.2006
MinimumVisualStudioVersion = 10.0.40219.1
Project("{FAE04EC0-301F-11D3-BF4B-00C04F79EFBC}") = "HacWeb", "HacWeb\HacWeb.csproj", "{A53740AA-7180-4EB1-B707-9BAA8F2E8B75}"
EndProject
Project("{FAE04EC0-301F-11D3-BF4B-00C04F79EFBC}") = "HacWeb.Models", "HacWeb.Models\HacWeb.Models.csproj", "{AFF544F7-0F92-44D0-A61F-BEAE006317E3}"
EndProject
Project("{FAE04EC0-301F-11D3-BF4B-00C04F79EFBC}") = "HacWeb.Lib", "HacWeb.Lib\HacWeb.Lib.csproj", "{BD90985E-86C6-40DA-B988-644D4D8D6CB7}"
EndProject
Project("{FAE04EC0-301F-11D3-BF4B-00C04F79EFBC}") = "HacWeb.Tests", "HacWeb.Tests\HacWeb.Tests.csproj", "{A0B4FC6B-DC6E-4242-B459-87EF0ACA1DBC}"
EndProject
Global
	GlobalSection(SolutionConfigurationPlatforms) = preSolution
		Debug|Any CPU = Debug|Any CPU
		Release|Any CPU = Release|Any CPU
	EndGlobalSection
	GlobalSection(ProjectConfigurationPlatforms) = postSolution
		{A53740AA-7180-4EB1-B707-9BAA8F2E8B75}.Debug|Any CPU.ActiveCfg = Debug|Any CPU
		{A53740AA-7180-4EB1-B707-9BAA8F2E8B75}.Debug|Any CPU.Build.0 = Debug|Any CPU
		{A53740AA-7180-4EB1-B707-9BAA8F2E8B75}.Release|Any CPU.ActiveCfg = Release|Any CPU
		{A53740AA-7180-4EB1-B707-9BAA8F2E8B75}.Release|Any CPU.Build.0 = Release|Any CPU
		{AFF544F7-0F92-44D0-A61F-BEAE006317E3}.Debug|Any CPU.ActiveCfg = Debug|Any CPU
		{AFF544F7-0F92-44D0-A61F-BEAE006317E3}.Debug|Any CPU.Build.0 = Debug|Any CPU
		{AFF544F7-0F92-44D0-A61F-BEAE006317E3}.Release|Any CPU.ActiveCfg = Release|Any CPU
		{AFF544F7-0F92-44D0-A61F-BEAE006317E3}.Release|Any CPU.Build.0 = Release|Any CPU
		{BD90985E-86C6-40DA-B988-644D4D8D6CB7}.Debug|Any CPU.ActiveCfg = Debug|Any CPU
		{BD90985E-86C6-40DA-B988-644D4D8D6CB7}.Debug|Any CPU.Build.0 = Debug|Any CPU
		{BD90985E-86C6-40DA-B988-644D4D8D6CB7}.Release|Any CPU.ActiveCfg = Release|Any CPU
		{BD90985E-86C6-40DA-B988-644D4D8D6CB7}.Release|Any CPU.Build.0 = Release|Any CPU
		{A0B4FC6B-DC6E-4242-B459-87EF0ACA1DBC}.Debug|Any CPU.ActiveCfg = Debug|Any CPU
		{A0B4FC6B-DC6E-4242-B459-87EF0ACA1DBC}.Debug|Any CPU.Build.0 = Debug|Any CPU
		{A0B4FC6B-DC6E-4242-B459-87EF0ACA1DBC}.Release|Any CPU.ActiveCfg = Release|Any CPU
		{A0B4FC6B-DC6E-4242-B459-87EF0ACA1DBC}.Release|Any CPU.Build.0 = Release|Any CPU
	EndGlobalSection
	GlobalSection(SolutionProperties) = preSolution
		HideSolutionNode = FALSE
	EndGlobalSection
	GlobalSection(ExtensibilityGlobals) = postSolution
		SolutionGuid = {0D9AB26A-DE9C-48E6-BF78-241CDC4424C4}
	EndGlobalSection
EndGlobal
